{
    "_readme": [
        "This file locks the dependencies of your project to a known state",
        "Read more about it at https://getcomposer.org/doc/01-basic-usage.md#composer-lock-the-lock-file",
        "This file is @generated automatically"
    ],
    "content-hash": "ed0d4016e40580b488f94746272f56f1",
    "packages": [
        {
            "name": "dompdf/dompdf",
            "version": "v0.8.0",
            "source": {
                "type": "git",
                "url": "https://github.com/dompdf/dompdf.git",
                "reference": "0f418c6b58fdeafc2a0e80eb1fa5e644e185089c"
            },
            "dist": {
                "type": "zip",
                "url": "https://api.github.com/repos/dompdf/dompdf/zipball/0f418c6b58fdeafc2a0e80eb1fa5e644e185089c",
                "reference": "0f418c6b58fdeafc2a0e80eb1fa5e644e185089c",
                "shasum": ""
            },
            "require": {
                "ext-dom": "*",
                "ext-gd": "*",
                "ext-mbstring": "*",
                "phenx/php-font-lib": "0.5.*",
                "phenx/php-svg-lib": "0.2.*",
                "php": ">=5.3.0"
            },
            "require-dev": {
                "phpunit/phpunit": "4.8.*",
                "squizlabs/php_codesniffer": "2.*"
            },
            "type": "library",
            "extra": {
                "branch-alias": {
                    "dev-develop": "0.7-dev"
                }
            },
            "autoload": {
                "psr-4": {
                    "Dompdf\\": "src/"
                },
                "classmap": [
                    "lib/"
                ]
            },
            "notification-url": "https://packagist.org/downloads/",
            "license": [
                "LGPL-2.1"
            ],
            "authors": [
                {
                    "name": "Fabien Ménager",
                    "email": "fabien.menager@gmail.com"
                },
                {
                    "name": "Brian Sweeney",
                    "email": "eclecticgeek@gmail.com"
                },
                {
                    "name": "Gabriel Bull",
                    "email": "me@gabrielbull.com"
                }
            ],
            "description": "DOMPDF is a CSS 2.1 compliant HTML to PDF converter",
            "homepage": "https://github.com/dompdf/dompdf",
            "time": "2017-02-16T02:40:40+00:00"
        },
        {
            "name": "phenx/php-font-lib",
            "version": "0.5",
            "source": {
                "type": "git",
                "url": "https://github.com/PhenX/php-font-lib.git",
                "reference": "19ad2bebc35be028fcc0221025fcbf3d436a3962"
            },
            "dist": {
                "type": "zip",
                "url": "https://api.github.com/repos/PhenX/php-font-lib/zipball/19ad2bebc35be028fcc0221025fcbf3d436a3962",
                "reference": "19ad2bebc35be028fcc0221025fcbf3d436a3962",
                "shasum": ""
            },
            "require-dev": {
                "phpunit/phpunit": "^4.8"
            },
            "type": "library",
            "autoload": {
                "psr-4": {
                    "FontLib\\": "src/FontLib"
                }
            },
            "notification-url": "https://packagist.org/downloads/",
            "license": [
                "LGPL-3.0"
            ],
            "authors": [
                {
                    "name": "Fabien Ménager",
                    "email": "fabien.menager@gmail.com"
                }
            ],
            "description": "A library to read, parse, export and make subsets of different types of font files.",
            "homepage": "https://github.com/PhenX/php-font-lib",
            "time": "2017-02-11T10:58:43+00:00"
        },
        {
            "name": "phenx/php-svg-lib",
            "version": "v0.2",
            "source": {
                "type": "git",
                "url": "https://github.com/PhenX/php-svg-lib.git",
                "reference": "de291bec8449b89acfe85691b5c71434797959dc"
            },
            "dist": {
                "type": "zip",
                "url": "https://api.github.com/repos/PhenX/php-svg-lib/zipball/de291bec8449b89acfe85691b5c71434797959dc",
                "reference": "de291bec8449b89acfe85691b5c71434797959dc",
                "shasum": ""
            },
            "require": {
                "sabberworm/php-css-parser": "6.0.*"
            },
            "type": "library",
            "autoload": {
                "psr-0": {
                    "Svg\\": "src/"
                }
            },
            "notification-url": "https://packagist.org/downloads/",
            "license": [
                "LGPL-3.0"
            ],
            "authors": [
                {
                    "name": "Fabien Ménager",
                    "email": "fabien.menager@gmail.com"
                }
            ],
            "description": "A library to read, parse and export to PDF SVG files.",
            "homepage": "https://github.com/PhenX/php-svg-lib",
            "time": "2016-12-13T20:25:45+00:00"
        },
        {
            "name": "rlanvin/php-rrule",
            "version": "v1.5.1",
            "source": {
                "type": "git",
                "url": "https://github.com/rlanvin/php-rrule.git",
                "reference": "fa48bc4fa2fc7ce03254878f927697cc498fa152"
            },
            "dist": {
                "type": "zip",
                "url": "https://api.github.com/repos/rlanvin/php-rrule/zipball/fa48bc4fa2fc7ce03254878f927697cc498fa152",
                "reference": "fa48bc4fa2fc7ce03254878f927697cc498fa152",
                "shasum": ""
            },
            "require": {
                "php": ">=5.3.0"
            },
            "require-dev": {
                "phpunit/phpunit": "<6"
            },
            "suggest": {
                "ext-intl": "Intl extension is needed for humanReadable()"
            },
            "type": "library",
            "autoload": {
                "psr-4": {
                    "RRule\\": "src/"
                }
            },
            "notification-url": "https://packagist.org/downloads/",
            "license": [
                "MIT"
            ],
            "description": "Lightweight and fast recurrence rules for PHP (RFC 5545)",
            "homepage": "https://github.com/rlanvin/php-rrule",
            "keywords": [
                "date",
                "ical",
                "recurrence",
                "recurring",
                "rrule"
            ],
            "time": "2017-05-15T09:14:37+00:00"
        },
        {
            "name": "sabberworm/php-css-parser",
            "version": "6.0.1",
            "source": {
                "type": "git",
                "url": "https://github.com/sabberworm/PHP-CSS-Parser.git",
                "reference": "9ea4b00c569b19f731d0c2e0e802055877ff40c2"
            },
            "dist": {
                "type": "zip",
                "url": "https://api.github.com/repos/sabberworm/PHP-CSS-Parser/zipball/9ea4b00c569b19f731d0c2e0e802055877ff40c2",
                "reference": "9ea4b00c569b19f731d0c2e0e802055877ff40c2",
                "shasum": ""
            },
            "require": {
                "php": ">=5.3.2"
            },
            "type": "library",
            "autoload": {
                "psr-0": {
                    "Sabberworm\\CSS": "lib/"
                }
            },
            "notification-url": "https://packagist.org/downloads/",
            "license": [
                "MIT"
            ],
            "authors": [
                {
                    "name": "Raphael Schweikert"
                }
            ],
            "description": "Parser for CSS Files written in PHP",
            "homepage": "http://www.sabberworm.com/blog/2010/6/10/php-css-parser",
            "keywords": [
                "css",
                "parser",
                "stylesheet"
            ],
            "time": "2015-08-24T08:48:52+00:00"
        },
        {
            "name": "sabre/uri",
            "version": "1.2.1",
            "source": {
                "type": "git",
                "url": "https://github.com/fruux/sabre-uri.git",
                "reference": "ada354d83579565949d80b2e15593c2371225e61"
            },
            "dist": {
                "type": "zip",
                "url": "https://api.github.com/repos/fruux/sabre-uri/zipball/ada354d83579565949d80b2e15593c2371225e61",
                "reference": "ada354d83579565949d80b2e15593c2371225e61",
                "shasum": ""
            },
            "require": {
                "php": ">=5.4.7"
            },
            "require-dev": {
                "phpunit/phpunit": ">=4.0,<6.0",
                "sabre/cs": "~1.0.0"
            },
            "type": "library",
            "autoload": {
                "files": [
                    "lib/functions.php"
                ],
                "psr-4": {
                    "Sabre\\Uri\\": "lib/"
                }
            },
            "notification-url": "https://packagist.org/downloads/",
            "license": [
                "BSD-3-Clause"
            ],
            "authors": [
                {
                    "name": "Evert Pot",
                    "email": "me@evertpot.com",
                    "homepage": "http://evertpot.com/",
                    "role": "Developer"
                }
            ],
            "description": "Functions for making sense out of URIs.",
            "homepage": "http://sabre.io/uri/",
            "keywords": [
                "rfc3986",
                "uri",
                "url"
            ],
            "time": "2017-02-20T19:59:28+00:00"
        },
        {
            "name": "sabre/vobject",
            "version": "4.1.2",
            "source": {
                "type": "git",
                "url": "https://github.com/fruux/sabre-vobject.git",
                "reference": "d0fde2fafa2a3dad1f559c2d1c2591d4fd75ae3c"
            },
            "dist": {
                "type": "zip",
                "url": "https://api.github.com/repos/fruux/sabre-vobject/zipball/d0fde2fafa2a3dad1f559c2d1c2591d4fd75ae3c",
                "reference": "d0fde2fafa2a3dad1f559c2d1c2591d4fd75ae3c",
                "shasum": ""
            },
            "require": {
                "ext-mbstring": "*",
                "php": ">=5.5",
                "sabre/xml": ">=1.5 <3.0"
            },
            "require-dev": {
                "phpunit/phpunit": "*",
                "sabre/cs": "^1.0.0"
            },
            "suggest": {
                "hoa/bench": "If you would like to run the benchmark scripts"
            },
            "bin": [
                "bin/vobject",
                "bin/generate_vcards"
            ],
            "type": "library",
            "extra": {
                "branch-alias": {
                    "dev-master": "4.0.x-dev"
                }
            },
            "autoload": {
                "psr-4": {
                    "Sabre\\VObject\\": "lib/"
                }
            },
            "notification-url": "https://packagist.org/downloads/",
            "license": [
                "BSD-3-Clause"
            ],
            "authors": [
                {
                    "name": "Evert Pot",
                    "email": "me@evertpot.com",
                    "homepage": "http://evertpot.com/",
                    "role": "Developer"
                },
                {
                    "name": "Dominik Tobschall",
                    "email": "dominik@fruux.com",
                    "homepage": "http://tobschall.de/",
                    "role": "Developer"
                },
                {
                    "name": "Ivan Enderlin",
                    "email": "ivan.enderlin@hoa-project.net",
                    "homepage": "http://mnt.io/",
                    "role": "Developer"
                }
            ],
            "description": "The VObject library for PHP allows you to easily parse and manipulate iCalendar and vCard objects",
            "homepage": "http://sabre.io/vobject/",
            "keywords": [
                "availability",
                "freebusy",
                "iCalendar",
                "ical",
                "ics",
                "jCal",
                "jCard",
                "recurrence",
                "rfc2425",
                "rfc2426",
                "rfc2739",
                "rfc4770",
                "rfc5545",
                "rfc5546",
                "rfc6321",
                "rfc6350",
                "rfc6351",
                "rfc6474",
                "rfc6638",
                "rfc6715",
                "rfc6868",
                "vCalendar",
                "vCard",
                "vcf",
                "xCal",
                "xCard"
            ],
            "time": "2016-12-06T04:14:09+00:00"
        },
        {
            "name": "sabre/xml",
            "version": "1.5.0",
            "source": {
                "type": "git",
                "url": "https://github.com/fruux/sabre-xml.git",
                "reference": "59b20e5bbace9912607481634f97d05a776ffca7"
            },
            "dist": {
                "type": "zip",
                "url": "https://api.github.com/repos/fruux/sabre-xml/zipball/59b20e5bbace9912607481634f97d05a776ffca7",
                "reference": "59b20e5bbace9912607481634f97d05a776ffca7",
                "shasum": ""
            },
            "require": {
                "ext-dom": "*",
                "ext-xmlreader": "*",
                "ext-xmlwriter": "*",
                "lib-libxml": ">=2.6.20",
                "php": ">=5.5.5",
                "sabre/uri": ">=1.0,<3.0.0"
            },
            "require-dev": {
                "phpunit/phpunit": "*",
                "sabre/cs": "~1.0.0"
            },
            "type": "library",
            "autoload": {
                "psr-4": {
                    "Sabre\\Xml\\": "lib/"
                },
                "files": [
                    "lib/Deserializer/functions.php",
                    "lib/Serializer/functions.php"
                ]
            },
            "notification-url": "https://packagist.org/downloads/",
            "license": [
                "BSD-3-Clause"
            ],
            "authors": [
                {
                    "name": "Evert Pot",
                    "email": "me@evertpot.com",
                    "homepage": "http://evertpot.com/",
                    "role": "Developer"
                },
                {
                    "name": "Markus Staab",
                    "email": "markus.staab@redaxo.de",
                    "role": "Developer"
                }
            ],
            "description": "sabre/xml is an XML library that you may not hate.",
            "homepage": "https://sabre.io/xml/",
            "keywords": [
                "XMLReader",
                "XMLWriter",
                "dom",
                "xml"
            ],
            "time": "2016-10-09T22:57:52+00:00"
        },
        {
            "name": "twig/twig",
            "version": "v1.34.2",
            "source": {
                "type": "git",
                "url": "https://github.com/twigphp/Twig.git",
                "reference": "55e4beb721a044db9e31ae0470024fc205b6a008"
            },
            "dist": {
                "type": "zip",
                "url": "https://api.github.com/repos/twigphp/Twig/zipball/55e4beb721a044db9e31ae0470024fc205b6a008",
                "reference": "55e4beb721a044db9e31ae0470024fc205b6a008",
                "shasum": ""
            },
            "require": {
                "php": ">=5.3.3"
            },
            "require-dev": {
                "psr/container": "^1.0",
                "symfony/debug": "~2.7",
                "symfony/phpunit-bridge": "~3.3@dev"
            },
            "type": "library",
            "extra": {
                "branch-alias": {
                    "dev-master": "1.34-dev"
                }
            },
            "autoload": {
                "psr-0": {
                    "Twig_": "lib/"
                },
                "psr-4": {
                    "Twig\\": "src/"
                }
            },
            "notification-url": "https://packagist.org/downloads/",
            "license": [
                "BSD-3-Clause"
            ],
            "authors": [
                {
                    "name": "Fabien Potencier",
                    "email": "fabien@symfony.com",
                    "homepage": "http://fabien.potencier.org",
                    "role": "Lead Developer"
                },
                {
                    "name": "Armin Ronacher",
                    "email": "armin.ronacher@active-4.com",
                    "role": "Project Founder"
                },
                {
                    "name": "Twig Team",
                    "homepage": "http://twig.sensiolabs.org/contributors",
                    "role": "Contributors"
                }
            ],
            "description": "Twig, the flexible, fast, and secure template language for PHP",
            "homepage": "http://twig.sensiolabs.org",
            "keywords": [
                "templating"
            ],
            "time": "2017-06-06T03:56:50+00:00"
        }
    ],
    "packages-dev": [],
    "aliases": [],
    "minimum-stability": "stable",
    "stability-flags": [],
    "prefer-stable": false,
    "prefer-lowest": false,
    "platform": [],
    "platform-dev": []
}
